// !$*UTF8*$!
{
	archiveVersion = 1;
	classes = {
	};
	objectVersion = 55;
	objects = {

/* Begin PBXBuildFile section */
		FB75A3CC27ECDA9D004FD83A /* EmojiArtApp.swift in Sources */ = {isa = PBXBuildFile; fileRef = FB75A3CB27ECDA9D004FD83A /* EmojiArtApp.swift */; };
		FB75A3D027ECDA9F004FD83A /* Assets.xcassets in Resources */ = {isa = PBXBuildFile; fileRef = FB75A3CF27ECDA9F004FD83A /* Assets.xcassets */; };
		FB75A3D327ECDA9F004FD83A /* Preview Assets.xcassets in Resources */ = {isa = PBXBuildFile; fileRef = FB75A3D227ECDA9F004FD83A /* Preview Assets.xcassets */; };
		FB75A3DA27ECDFAD004FD83A /* EmojiArtModel.swift in Sources */ = {isa = PBXBuildFile; fileRef = FB75A3D927ECDFAD004FD83A /* EmojiArtModel.swift */; };
		FB75A3DD27ECE1A5004FD83A /* EmojiArtModel.Background.swift in Sources */ = {isa = PBXBuildFile; fileRef = FB75A3DC27ECE1A5004FD83A /* EmojiArtModel.Background.swift */; };
		FB75A3DF27ECE276004FD83A /* EmojiArtDocument.swift in Sources */ = {isa = PBXBuildFile; fileRef = FB75A3DE27ECE276004FD83A /* EmojiArtDocument.swift */; };
		FB75A3E227ECE38C004FD83A /* UtilityExtensions.swift in Sources */ = {isa = PBXBuildFile; fileRef = FB75A3E127ECE38C004FD83A /* UtilityExtensions.swift */; };
		FB75A3E527ECE3E4004FD83A /* EmojiArtDocumentView.swift in Sources */ = {isa = PBXBuildFile; fileRef = FB75A3E427ECE3E4004FD83A /* EmojiArtDocumentView.swift */; };
/* End PBXBuildFile section */

/* Begin PBXFileReference section */
		FB75A3C827ECDA9D004FD83A /* EmojiArt.app */ = {isa = PBXFileReference; explicitFileType = wrapper.application; includeInIndex = 0; path = EmojiArt.app; sourceTree = BUILT_PRODUCTS_DIR; };
		FB75A3CB27ECDA9D004FD83A /* EmojiArtApp.swift */ = {isa = PBXFileReference; lastKnownFileType = sourcecode.swift; path = EmojiArtApp.swift; sourceTree = "<group>"; };
		FB75A3CF27ECDA9F004FD83A /* Assets.xcassets */ = {isa = PBXFileReference; lastKnownFileType = folder.assetcatalog; path = Assets.xcassets; sourceTree = "<group>"; };
		FB75A3D227ECDA9F004FD83A /* Preview Assets.xcassets */ = {isa = PBXFileReference; lastKnownFileType = folder.assetcatalog; path = "Preview Assets.xcassets"; sourceTree = "<group>"; };
		FB75A3D927ECDFAD004FD83A /* EmojiArtModel.swift */ = {isa = PBXFileReference; lastKnownFileType = sourcecode.swift; path = EmojiArtModel.swift; sourceTree = "<group>"; };
		FB75A3DC27ECE1A5004FD83A /* EmojiArtModel.Background.swift */ = {isa = PBXFileReference; lastKnownFileType = sourcecode.swift; path = EmojiArtModel.Background.swift; sourceTree = "<group>"; };
		FB75A3DE27ECE276004FD83A /* EmojiArtDocument.swift */ = {isa = PBXFileReference; lastKnownFileType = sourcecode.swift; path = EmojiArtDocument.swift; sourceTree = "<group>"; };
		FB75A3E127ECE38C004FD83A /* UtilityExtensions.swift */ = {isa = PBXFileReference; lastKnownFileType = sourcecode.swift; path = UtilityExtensions.swift; sourceTree = "<group>"; };
		FB75A3E427ECE3E4004FD83A /* EmojiArtDocumentView.swift */ = {isa = PBXFileReference; lastKnownFileType = sourcecode.swift; path = EmojiArtDocumentView.swift; sourceTree = "<group>"; };
/* End PBXFileReference section */

/* Begin PBXFrameworksBuildPhase section */
		FB75A3C527ECDA9D004FD83A /* Frameworks */ = {
			isa = PBXFrameworksBuildPhase;
			buildActionMask = 2147483647;
			files = (
			);
			runOnlyForDeploymentPostprocessing = 0;
		};
/* End PBXFrameworksBuildPhase section */

/* Begin PBXGroup section */
		FB75A3BF27ECDA9D004FD83A = {
			isa = PBXGroup;
			children = (
				FB75A3CA27ECDA9D004FD83A /* EmojiArt */,
				FB75A3C927ECDA9D004FD83A /* Products */,
			);
			sourceTree = "<group>";
		};
		FB75A3C927ECDA9D004FD83A /* Products */ = {
			isa = PBXGroup;
			children = (
				FB75A3C827ECDA9D004FD83A /* EmojiArt.app */,
			);
			name = Products;
			sourceTree = "<group>";
		};
		FB75A3CA27ECDA9D004FD83A /* EmojiArt */ = {
			isa = PBXGroup;
			children = (
				FB75A3DB27ECDFB6004FD83A /* Models */,
				FB75A3E027ECE27C004FD83A /* ViewModels */,
				FB75A3E327ECE3D0004FD83A /* Views */,
				FB75A3CB27ECDA9D004FD83A /* EmojiArtApp.swift */,
				FB75A3CF27ECDA9F004FD83A /* Assets.xcassets */,
				FB75A3D127ECDA9F004FD83A /* Preview Content */,
				FB75A3E127ECE38C004FD83A /* UtilityExtensions.swift */,
			);
			path = EmojiArt;
			sourceTree = "<group>";
		};
		FB75A3D127ECDA9F004FD83A /* Preview Content */ = {
			isa = PBXGroup;
			children = (
				FB75A3D227ECDA9F004FD83A /* Preview Assets.xcassets */,
			);
			path = "Preview Content";
			sourceTree = "<group>";
		};
		FB75A3DB27ECDFB6004FD83A /* Models */ = {
			isa = PBXGroup;
			children = (
				FB75A3D927ECDFAD004FD83A /* EmojiArtModel.swift */,
				FB75A3DC27ECE1A5004FD83A /* EmojiArtModel.Background.swift */,
			);
			path = Models;
			sourceTree = "<group>";
		};
		FB75A3E027ECE27C004FD83A /* ViewModels */ = {
			isa = PBXGroup;
			children = (
				FB75A3DE27ECE276004FD83A /* EmojiArtDocument.swift */,
			);
			path = ViewModels;
			sourceTree = "<group>";
		};
		FB75A3E327ECE3D0004FD83A /* Views */ = {
			isa = PBXGroup;
			children = (
				FB75A3E427ECE3E4004FD83A /* EmojiArtDocumentView.swift */,
			);
			path = Views;
			sourceTree = "<group>";
		};
/* End PBXGroup section */

/* Begin PBXNativeTarget section */
		FB75A3C727ECDA9D004FD83A /* EmojiArt */ = {
			isa = PBXNativeTarget;
			buildConfigurationList = FB75A3D627ECDA9F004FD83A /* Build configuration list for PBXNativeTarget "EmojiArt" */;
			buildPhases = (
				FB75A3C427ECDA9D004FD83A /* Sources */,
				FB75A3C527ECDA9D004FD83A /* Frameworks */,
				FB75A3C627ECDA9D004FD83A /* Resources */,
			);
			buildRules = (
			);
			dependencies = (
			);
			name = EmojiArt;
			productName = EmojiArt;
			productReference = FB75A3C827ECDA9D004FD83A /* EmojiArt.app */;
			productType = "com.apple.product-type.application";
		};
/* End PBXNativeTarget section */

/* Begin PBXProject section */
		FB75A3C027ECDA9D004FD83A /* Project object */ = {
			isa = PBXProject;
			attributes = {
				BuildIndependentTargetsInParallel = 1;
				LastSwiftUpdateCheck = 1330;
				LastUpgradeCheck = 1330;
				TargetAttributes = {
					FB75A3C727ECDA9D004FD83A = {
						CreatedOnToolsVersion = 13.3;
					};
				};
			};
			buildConfigurationList = FB75A3C327ECDA9D004FD83A /* Build configuration list for PBXProject "EmojiArt" */;
			compatibilityVersion = "Xcode 13.0";
			developmentRegion = en;
			hasScannedForEncodings = 0;
			knownRegions = (
				en,
				Base,
			);
			mainGroup = FB75A3BF27ECDA9D004FD83A;
			productRefGroup = FB75A3C927ECDA9D004FD83A /* Products */;
			projectDirPath = "";
			projectRoot = "";
			targets = (
				FB75A3C727ECDA9D004FD83A /* EmojiArt */,
			);
		};
/* End PBXProject section */

/* Begin PBXResourcesBuildPhase section */
		FB75A3C627ECDA9D004FD83A /* Resources */ = {
			isa = PBXResourcesBuildPhase;
			buildActionMask = 2147483647;
			files = (
				FB75A3D327ECDA9F004FD83A /* Preview Assets.xcassets in Resources */,
				FB75A3D027ECDA9F004FD83A /* Assets.xcassets in Resources */,
			);
			runOnlyForDeploymentPostprocessing = 0;
		};
/* End PBXResourcesBuildPhase section */

/* Begin PBXSourcesBuildPhase section */
		FB75A3C427ECDA9D004FD83A /* Sources */ = {
			isa = PBXSourcesBuildPhase;
			buildActionMask = 2147483647;
			files = (
				FB75A3CC27ECDA9D004FD83A /* EmojiArtApp.swift in Sources */,
				FB75A3E227ECE38C004FD83A /* UtilityExtensions.swift in Sources */,
				FB75A3DF27ECE276004FD83A /* EmojiArtDocument.swift in Sources */,
				FB75A3E527ECE3E4004FD83A /* EmojiArtDocumentView.swift in Sources */,
				FB75A3DA27ECDFAD004FD83A /* EmojiArtModel.swift in Sources */,
				FB75A3DD27ECE1A5004FD83A /* EmojiArtModel.Background.swift in Sources */,
			);
			runOnlyForDeploymentPostprocessing = 0;
		};
/* End PBXSourcesBuildPhase section */

/* Begin XCBuildConfiguration section */
		FB75A3D427ECDA9F004FD83A /* Debug */ = {
			isa = XCBuildConfiguration;
			buildSettings = {
				ALWAYS_SEARCH_USER_PATHS = NO;
				CLANG_ANALYZER_NONNULL = YES;
				CLANG_ANALYZER_NUMBER_OBJECT_CONVERSION = YES_AGGRESSIVE;
				CLANG_CXX_LANGUAGE_STANDARD = "gnu++17";
				CLANG_ENABLE_MODULES = YES;
				CLANG_ENABLE_OBJC_ARC = YES;
				CLANG_ENABLE_OBJC_WEAK = YES;
				CLANG_WARN_BLOCK_CAPTURE_AUTORELEASING = YES;
				CLANG_WARN_BOOL_CONVERSION = YES;
				CLANG_WARN_COMMA = YES;
				CLANG_WARN_CONSTANT_CONVERSION = YES;
				CLANG_WARN_DEPRECATED_OBJC_IMPLEMENTATIONS = YES;
				CLANG_WARN_DIRECT_OBJC_ISA_USAGE = YES_ERROR;
				CLANG_WARN_DOCUMENTATION_COMMENTS = YES;
				CLANG_WARN_EMPTY_BODY = YES;
				CLANG_WARN_ENUM_CONVERSION = YES;
				CLANG_WARN_INFINITE_RECURSION = YES;
				CLANG_WARN_INT_CONVERSION = YES;
				CLANG_WARN_NON_LITERAL_NULL_CONVERSION = YES;
				CLANG_WARN_OBJC_IMPLICIT_RETAIN_SELF = YES;
				CLANG_WARN_OBJC_LITERAL_CONVERSION = YES;
				CLANG_WARN_OBJC_ROOT_CLASS = YES_ERROR;
				CLANG_WARN_QUOTED_INCLUDE_IN_FRAMEWORK_HEADER = YES;
				CLANG_WARN_RANGE_LOOP_ANALYSIS = YES;
				CLANG_WARN_STRICT_PROTOTYPES = YES;
				CLANG_WARN_SUSPICIOUS_MOVE = YES;
				CLANG_WARN_UNGUARDED_AVAILABILITY = YES_AGGRESSIVE;
				CLANG_WARN_UNREACHABLE_CODE = YES;
				CLANG_WARN__DUPLICATE_METHOD_MATCH = YES;
				COPY_PHASE_STRIP = NO;
				DEBUG_INFORMATION_FORMAT = dwarf;
				ENABLE_STRICT_OBJC_MSGSEND = YES;
				ENABLE_TESTABILITY = YES;
				GCC_C_LANGUAGE_STANDARD = gnu11;
				GCC_DYNAMIC_NO_PIC = NO;
				GCC_NO_COMMON_BLOCKS = YES;
				GCC_OPTIMIZATION_LEVEL = 0;
				GCC_PREPROCESSOR_DEFINITIONS = (
					"DEBUG=1",
					"$(inherited)",
				);
				GCC_WARN_64_TO_32_BIT_CONVERSION = YES;
				GCC_WARN_ABOUT_RETURN_TYPE = YES_ERROR;
				GCC_WARN_UNDECLARED_SELECTOR = YES;
				GCC_WARN_UNINITIALIZED_AUTOS = YES_AGGRESSIVE;
				GCC_WARN_UNUSED_FUNCTION = YES;
				GCC_WARN_UNUSED_VARIABLE = YES;
				IPHONEOS_DEPLOYMENT_TARGET = 15.4;
				MTL_ENABLE_DEBUG_INFO = INCLUDE_SOURCE;
				MTL_FAST_MATH = YES;
				ONLY_ACTIVE_ARCH = YES;
				SDKROOT = iphoneos;
				SWIFT_ACTIVE_COMPILATION_CONDITIONS = DEBUG;
				SWIFT_OPTIMIZATION_LEVEL = "-Onone";
			};
			name = Debug;
		};
		FB75A3D527ECDA9F004FD83A /* Release */ = {
			isa = XCBuildConfiguration;
			buildSettings = {
				ALWAYS_SEARCH_USER_PATHS = NO;
				CLANG_ANALYZER_NONNULL = YES;
				CLANG_ANALYZER_NUMBER_OBJECT_CONVERSION = YES_AGGRESSIVE;
				CLANG_CXX_LANGUAGE_STANDARD = "gnu++17";
				CLANG_ENABLE_MODULES = YES;
				CLANG_ENABLE_OBJC_ARC = YES;
				CLANG_ENABLE_OBJC_WEAK = YES;
				CLANG_WARN_BLOCK_CAPTURE_AUTORELEASING = YES;
				CLANG_WARN_BOOL_CONVERSION = YES;
				CLANG_WARN_COMMA = YES;
				CLANG_WARN_CONSTANT_CONVERSION = YES;
				CLANG_WARN_DEPRECATED_OBJC_IMPLEMENTATIONS = YES;
				CLANG_WARN_DIRECT_OBJC_ISA_USAGE = YES_ERROR;
				CLANG_WARN_DOCUMENTATION_COMMENTS = YES;
				CLANG_WARN_EMPTY_BODY = YES;
				CLANG_WARN_ENUM_CONVERSION = YES;
				CLANG_WARN_INFINITE_RECURSION = YES;
				CLANG_WARN_INT_CONVERSION = YES;
				CLANG_WARN_NON_LITERAL_NULL_CONVERSION = YES;
				CLANG_WARN_OBJC_IMPLICIT_RETAIN_SELF = YES;
				CLANG_WARN_OBJC_LITERAL_CONVERSION = YES;
				CLANG_WARN_OBJC_ROOT_CLASS = YES_ERROR;
				CLANG_WARN_QUOTED_INCLUDE_IN_FRAMEWORK_HEADER = YES;
				CLANG_WARN_RANGE_LOOP_ANALYSIS = YES;
				CLANG_WARN_STRICT_PROTOTYPES = YES;
				CLANG_WARN_SUSPICIOUS_MOVE = YES;
				CLANG_WARN_UNGUARDED_AVAILABILITY = YES_AGGRESSIVE;
				CLANG_WARN_UNREACHABLE_CODE = YES;
				CLANG_WARN__DUPLICATE_METHOD_MATCH = YES;
				COPY_PHASE_STRIP = NO;
				DEBUG_INFORMATION_FORMAT = "dwarf-with-dsym";
				ENABLE_NS_ASSERTIONS = NO;
				ENABLE_STRICT_OBJC_MSGSEND = YES;
				GCC_C_LANGUAGE_STANDARD = gnu11;
				GCC_NO_COMMON_BLOCKS = YES;
				GCC_WARN_64_TO_32_BIT_CONVERSION = YES;
				GCC_WARN_ABOUT_RETURN_TYPE = YES_ERROR;
				GCC_WARN_UNDECLARED_SELECTOR = YES;
				GCC_WARN_UNINITIALIZED_AUTOS = YES_AGGRESSIVE;
				GCC_WARN_UNUSED_FUNCTION = YES;
				GCC_WARN_UNUSED_VARIABLE = YES;
				IPHONEOS_DEPLOYMENT_TARGET = 15.4;
				MTL_ENABLE_DEBUG_INFO = NO;
				MTL_FAST_MATH = YES;
				SDKROOT = iphoneos;
				SWIFT_COMPILATION_MODE = wholemodule;
				SWIFT_OPTIMIZATION_LEVEL = "-O";
				VALIDATE_PRODUCT = YES;
			};
			name = Release;
		};
		FB75A3D727ECDA9F004FD83A /* Debug */ = {
			isa = XCBuildConfiguration;
			buildSettings = {
				ASSETCATALOG_COMPILER_APPICON_NAME = AppIcon;
				ASSETCATALOG_COMPILER_GLOBAL_ACCENT_COLOR_NAME = AccentColor;
				CODE_SIGN_STYLE = Automatic;
				CURRENT_PROJECT_VERSION = 1;
				DEVELOPMENT_ASSET_PATHS = "\"EmojiArt/Preview Content\"";
				DEVELOPMENT_TEAM = ZR5EVLDQZW;
				ENABLE_PREVIEWS = YES;
				GENERATE_INFOPLIST_FILE = YES;
				INFOPLIST_KEY_UIApplicationSceneManifest_Generation = YES;
				INFOPLIST_KEY_UIApplicationSupportsIndirectInputEvents = YES;
				INFOPLIST_KEY_UILaunchScreen_Generation = YES;
				INFOPLIST_KEY_UISupportedInterfaceOrientations_iPad = "UIInterfaceOrientationPortrait UIInterfaceOrientationPortraitUpsideDown UIInterfaceOrientationLandscapeLeft UIInterfaceOrientationLandscapeRight";
				INFOPLIST_KEY_UISupportedInterfaceOrientations_iPhone = "UIInterfaceOrientationPortrait UIInterfaceOrientationLandscapeLeft UIInterfaceOrientationLandscapeRight";
				LD_RUNPATH_SEARCH_PATHS = (
					"$(inherited)",
					"@executable_path/Frameworks",
				);
				MARKETING_VERSION = 1.0;
				PRODUCT_BUNDLE_IDENTIFIER = se.motesplatsen.jojo.EmojiArt;
				PRODUCT_NAME = "$(TARGET_NAME)";
				SWIFT_EMIT_LOC_STRINGS = YES;
				SWIFT_VERSION = 5.0;
				TARGETED_DEVICE_FAMILY = "1,2";
			};
			name = Debug;
		};
		FB75A3D827ECDA9F004FD83A /* Release */ = {
			isa = XCBuildConfiguration;
			buildSettings = {
				ASSETCATALOG_COMPILER_APPICON_NAME = AppIcon;
				ASSETCATALOG_COMPILER_GLOBAL_ACCENT_COLOR_NAME = AccentColor;
				CODE_SIGN_STYLE = Automatic;
				CURRENT_PROJECT_VERSION = 1;
				DEVELOPMENT_ASSET_PATHS = "\"EmojiArt/Preview Content\"";
				DEVELOPMENT_TEAM = ZR5EVLDQZW;
				ENABLE_PREVIEWS = YES;
				GENERATE_INFOPLIST_FILE = YES;
				INFOPLIST_KEY_UIApplicationSceneManifest_Generation = YES;
				INFOPLIST_KEY_UIApplicationSupportsIndirectInputEvents = YES;
				INFOPLIST_KEY_UILaunchScreen_Generation = YES;
				INFOPLIST_KEY_UISupportedInterfaceOrientations_iPad = "UIInterfaceOrientationPortrait UIInterfaceOrientationPortraitUpsideDown UIInterfaceOrientationLandscapeLeft UIInterfaceOrientationLandscapeRight";
				INFOPLIST_KEY_UISupportedInterfaceOrientations_iPhone = "UIInterfaceOrientationPortrait UIInterfaceOrientationLandscapeLeft UIInterfaceOrientationLandscapeRight";
				LD_RUNPATH_SEARCH_PATHS = (
					"$(inherited)",
					"@executable_path/Frameworks",
				);
				MARKETING_VERSION = 1.0;
				PRODUCT_BUNDLE_IDENTIFIER = se.motesplatsen.jojo.EmojiArt;
				PRODUCT_NAME = "$(TARGET_NAME)";
				SWIFT_EMIT_LOC_STRINGS = YES;
				SWIFT_VERSION = 5.0;
				TARGETED_DEVICE_FAMILY = "1,2";
			};
			name = Release;
		};
/* End XCBuildConfiguration section */

/* Begin XCConfigurationList section */
		FB75A3C327ECDA9D004FD83A /* Build configuration list for PBXProject "EmojiArt" */ = {
			isa = XCConfigurationList;
			buildConfigurations = (
				FB75A3D427ECDA9F004FD83A /* Debug */,
				FB75A3D527ECDA9F004FD83A /* Release */,
			);
			defaultConfigurationIsVisible = 0;
			defaultConfigurationName = Release;
		};
		FB75A3D627ECDA9F004FD83A /* Build configuration list for PBXNativeTarget "EmojiArt" */ = {
			isa = XCConfigurationList;
			buildConfigurations = (
				FB75A3D727ECDA9F004FD83A /* Debug */,
				FB75A3D827ECDA9F004FD83A /* Release */,
			);
			defaultConfigurationIsVisible = 0;
			defaultConfigurationName = Release;
		};
/* End XCConfigurationList section */
	};
	rootObject = FB75A3C027ECDA9D004FD83A /* Project object */;
}
